{
    "name": "@amplifycode/ebook-reader",
    "version": "1.0.0",
    "lockfileVersion": 3,
    "requires": true,
    "packages": {
        "": {
            "name": "@amplifycode/ebook-reader",
            "version": "1.0.0",
            "license": "MIT",
            "dependencies": {
                "@thesoulfresh/pan-z": "^1.2.8"
            },
            "peerDependencies": {
                "vue": "^3.2.0"
            }
        },
        "node_modules/@babel/helper-string-parser": {
            "version": "7.29.7",
            "resolved": "https://registry.npmjs.org/@babel/helper-string-parser/-/helper-string-parser-7.29.7.tgz",
            "integrity": "sha512-Pb5ijPrZ89GDH8223L4UP8i6QApWxs04RbPQJTeWDV0/keR2E36MeKnyr6LYmUUvqRRI+Iv87SuF1W6ErINzYw==",
            "license": "MIT",
            "peer": true,
            "engines": {
                "node": ">=6.9.0"
            }
        },
        "node_modules/@babel/helper-validator-identifier": {
            "version": "7.29.7",
            "resolved": "https://registry.npmjs.org/@babel/helper-validator-identifier/-/helper-validator-identifier-7.29.7.tgz",
            "integrity": "sha512-qehxGkRj55h/ff8EMaJ+cYhyaKlHIxqYDn682wQD7RNp9UujOQsHog2uS0r2vzr4pW+sXf90NeeayjcNaX3fFg==",
            "license": "MIT",
            "peer": true,
            "engines": {
                "node": ">=6.9.0"
            }
        },
        "node_modules/@babel/parser": {
            "version": "7.29.8",
            "resolved": "https://registry.npmjs.org/@babel/parser/-/parser-7.29.8.tgz",
            "integrity": "sha512-E8lTAYNB1KW+FH+VGJuZM1ioAx2E6oVlvQFRrf5P8ZZmsiJXYAD9vTFV7yyEURNzgh1dFqMZuO6tUwcARbqFCA==",
            "license": "MIT",
            "peer": true,
            "dependencies": {
                "@babel/types": "^7.29.8"
            },
            "bin": {
                "parser": "bin/babel-parser.js"
            },
            "engines": {
                "node": ">=6.0.0"
            }
        },
        "node_modules/@babel/types": {
            "version": "7.29.8",
            "resolved": "https://registry.npmjs.org/@babel/types/-/types-7.29.8.tgz",
            "integrity": "sha512-Vj1jF3cPfxg7OAfoI7QnVKLoILlm2JF9pnVHrX8qx7AHMiYWT+NDAA7jChlNgRS4WTLc/fD1lXLmPixluj+3Gg==",
            "license": "MIT",
            "peer": true,
            "dependencies": {
                "@babel/helper-string-parser": "^7.29.7",
                "@babel/helper-validator-identifier": "^7.29.7"
            },
            "engines": {
                "node": ">=6.9.0"
            }
        },
        "node_modules/@jridgewell/sourcemap-codec": {
            "version": "1.6.0",
            "resolved": "https://registry.npmjs.org/@jridgewell/sourcemap-codec/-/sourcemap-codec-1.6.0.tgz",
            "integrity": "sha512-T7jf+5zgsZHwNJ4lvQ7/aezbyk0nNX+zJVWpmHA7VYsEx7a7qr5Rg5IbtJFqkgze5Y2sruq1RUY8Q837Od7iFw==",
            "license": "MIT",
            "peer": true
        },
        "node_modules/@thesoulfresh/pan-z": {
            "version": "1.2.9",
            "resolved": "https://registry.npmjs.org/@thesoulfresh/pan-z/-/pan-z-1.2.9.tgz",
            "integrity": "sha512-oyUNGkh9eRKDk/p5URdFUVxvJ9gQ59QXpsfChj1u0tLSHgNOqw8H1Ye9O2Fhg2x9/Itr++SPnjS89Dp7MIe/ZQ==",
            "license": "MIT",
            "dependencies": {
                "@thesoulfresh/pan-zoom": "^4.1.3",
                "eventemitter3": "^4.0.0",
                "lodash.debounce": "^4.0.8",
                "object-fit-math": "^1.0.0",
                "resize-observer-polyfill": "^1.5.1"
            }
        },
        "node_modules/@thesoulfresh/pan-zoom": {
            "version": "4.1.4",
            "resolved": "https://registry.npmjs.org/@thesoulfresh/pan-zoom/-/pan-zoom-4.1.4.tgz",
            "integrity": "sha512-60lg6xNGcG8OLdBz80qEIOhtvNkydJ7bjSI4fJTp96N0BkeqwIrmIClOpHgAY5ufGzgBe3K7JEeBo4HN2RHxIA==",
            "license": "MIT",
            "dependencies": {
                "dprop": "^1.0.0",
                "gl-vec2": "^1.3.0",
                "has-passive-events": "^1.0.0",
                "lodash.debounce": "^4.0.8",
                "mouse-event-offset": "^3.0.2",
                "raf": "^3.4.0",
                "touch-position": "^2.0.0"
            }
        },
        "node_modules/@vue/compiler-core": {
            "version": "3.5.42",
            "resolved": "https://registry.npmjs.org/@vue/compiler-core/-/compiler-core-3.5.42.tgz",
            "integrity": "sha512-2Ye1ilMtKXxl8qZUrQ5j0CdgenFp/HFQmta6rfRyfEsTG69L6Wk+tWuNoHYHMx9E8tF2Slvdg1FuwDvAXdy1LQ==",
            "license": "MIT",
            "peer": true,
            "dependencies": {
                "@babel/parser": "^7.29.8",
                "@vue/shared": "3.5.42",
                "entities": "^7.0.1",
                "estree-walker": "^2.0.2",
                "source-map-js": "^1.2.1"
            }
        },
        "node_modules/@vue/compiler-dom": {
            "version": "3.5.42",
            "resolved": "https://registry.npmjs.org/@vue/compiler-dom/-/compiler-dom-3.5.42.tgz",
            "integrity": "sha512-qbhQZEFmycr+ni/qyuccS4sucNN7VAbDfbkvNxWOX2VfgFm90MNs3/UhRNKoPMEIVn0F8gdlYjLPvqxHwHeQOA==",
            "license": "MIT",
            "peer": true,
            "dependencies": {
                "@vue/compiler-core": "3.5.42",
                "@vue/shared": "3.5.42"
            }
        },
        "node_modules/@vue/compiler-sfc": {
            "version": "3.5.42",
            "resolved": "https://registry.npmjs.org/@vue/compiler-sfc/-/compiler-sfc-3.5.42.tgz",
            "integrity": "sha512-fkCAFB4okcAANGMThboWnScp/gzWjU0ZSkVnjTIiplmMDq2uq0tIB3j+xVu4rhv5rvOgBySCysudmbMd6xRRqw==",
            "license": "MIT",
            "peer": true,
            "dependencies": {
                "@babel/parser": "^7.29.8",
                "@vue/compiler-core": "3.5.42",
                "@vue/compiler-dom": "3.5.42",
                "@vue/compiler-ssr": "3.5.42",
                "@vue/shared": "3.5.42",
                "estree-walker": "^2.0.2",
                "magic-string": "^0.30.21",
                "postcss": "^8.5.19",
                "source-map-js": "^1.2.1"
            }
        },
        "node_modules/@vue/compiler-ssr": {
            "version": "3.5.42",
            "resolved": "https://registry.npmjs.org/@vue/compiler-ssr/-/compiler-ssr-3.5.42.tgz",
            "integrity": "sha512-xmLk3wLkbizPAiLyomjgFFosf2ys9b5Ghb+oh/k2tnvipNz8OFrQOiTcWCzyK7MpBp9KkyGtfvgfLUivbmuGYA==",
            "license": "MIT",
            "peer": true,
            "dependencies": {
                "@vue/compiler-dom": "3.5.42",
                "@vue/shared": "3.5.42"
            }
        },
        "node_modules/@vue/reactivity": {
            "version": "3.5.42",
            "resolved": "https://registry.npmjs.org/@vue/reactivity/-/reactivity-3.5.42.tgz",
            "integrity": "sha512-TzNNfKpb7hDxbQltwAut8VDQA5YP+BuRlxntHUuRjyKwlMvmAPbs3unhCvieijifY6vFfVBwsS7wG/C7uq+bEQ==",
            "license": "MIT",
            "peer": true,
            "dependencies": {
                "@vue/shared": "3.5.42"
            }
        },
        "node_modules/@vue/runtime-core": {
            "version": "3.5.42",
            "resolved": "https://registry.npmjs.org/@vue/runtime-core/-/runtime-core-3.5.42.tgz",
            "integrity": "sha512-9uACtuHs7vJGkm5Bp3xu4xRDLFTIYy5DgxpToVjqGIAhAEKwQfsaLvKINhM6nFVp6bZPRFGdDqd1g52MqKsotA==",
            "license": "MIT",
            "peer": true,
            "dependencies": {
                "@vue/reactivity": "3.5.42",
                "@vue/shared": "3.5.42"
            }
        },
        "node_modules/@vue/runtime-dom": {
            "version": "3.5.42",
            "resolved": "https://registry.npmjs.org/@vue/runtime-dom/-/runtime-dom-3.5.42.tgz",
            "integrity": "sha512-rsCmhiWLaRxGltLwhlCWyYkFn7WAbKRh0q17eZ1A6Dq6eqc2ACQ61IIryxz0LrsvCzHSilLA9JHovVwM8CNE2g==",
            "license": "MIT",
            "peer": true,
            "dependencies": {
                "@vue/reactivity": "3.5.42",
                "@vue/runtime-core": "3.5.42",
                "@vue/shared": "3.5.42",
                "csstype": "^3.2.3"
            }
        },
        "node_modules/@vue/server-renderer": {
            "version": "3.5.42",
            "resolved": "https://registry.npmjs.org/@vue/server-renderer/-/server-renderer-3.5.42.tgz",
            "integrity": "sha512-2++5dUyYS4gvo7xQXSECUDhB7TS0aOl5SeVfC5qSq1Jgfhjvegw1zqhwTIR3imZ+QYPJQw9gfcFvXGAjGZ7ajQ==",
            "license": "MIT",
            "peer": true,
            "dependencies": {
                "@vue/compiler-ssr": "3.5.42",
                "@vue/runtime-dom": "3.5.42",
                "@vue/shared": "3.5.42"
            }
        },
        "node_modules/@vue/shared": {
            "version": "3.5.42",
            "resolved": "https://registry.npmjs.org/@vue/shared/-/shared-3.5.42.tgz",
            "integrity": "sha512-2rPxex1jQf4jvl9MOHl6YaXCPcrNqz/FstMOEh3QWY+/OME9nQTvl9WYeCwhW7AFjaR0SnngZGlp/wkR6rkI6g==",
            "license": "MIT",
            "peer": true
        },
        "node_modules/csstype": {
            "version": "3.2.3",
            "resolved": "https://registry.npmjs.org/csstype/-/csstype-3.2.3.tgz",
            "integrity": "sha512-z1HGKcYy2xA8AGQfwrn0PAy+PB7X/GSj3UVJW9qKyn43xWa+gl5nXmU4qqLMRzWVLFC8KusUX8T/0kCiOYpAIQ==",
            "license": "MIT",
            "peer": true
        },
        "node_modules/dprop": {
            "version": "1.0.0",
            "resolved": "https://registry.npmjs.org/dprop/-/dprop-1.0.0.tgz",
            "integrity": "sha512-CNrGk9cBoRzsLtyGRTcjsYh0n63nLtnWelCV31DlEK/yftX05rLK7qb9et891DYLUwhadlh/lOxq7W/+8XA2pQ==",
            "license": "MIT"
        },
        "node_modules/entities": {
            "version": "7.0.1",
            "resolved": "https://registry.npmjs.org/entities/-/entities-7.0.1.tgz",
            "integrity": "sha512-TWrgLOFUQTH994YUyl1yT4uyavY5nNB5muff+RtWaqNVCAK408b5ZnnbNAUEWLTCpum9w6arT70i1XdQ4UeOPA==",
            "license": "BSD-2-Clause",
            "peer": true,
            "engines": {
                "node": ">=0.12"
            },
            "funding": {
                "url": "https://github.com/fb55/entities?sponsor=1"
            }
        },
        "node_modules/estree-walker": {
            "version": "2.0.2",
            "resolved": "https://registry.npmjs.org/estree-walker/-/estree-walker-2.0.2.tgz",
            "integrity": "sha512-Rfkk/Mp/DL7JVje3u18FxFujQlTNR2q6QfMSMB7AvCBx91NGj/ba3kCfza0f6dVDbw7YlRf/nDrn7pQrCCyQ/w==",
            "license": "MIT",
            "peer": true
        },
        "node_modules/eventemitter3": {
            "version": "4.0.7",
            "resolved": "https://registry.npmjs.org/eventemitter3/-/eventemitter3-4.0.7.tgz",
            "integrity": "sha512-8guHBZCwKnFhYdHr2ysuRWErTwhoN2X8XELRlrRwpmfeY2jjuUN4taQMsULKUVo1K4DvZl+0pgfyoysHxvmvEw==",
            "license": "MIT"
        },
        "node_modules/events": {
            "version": "1.1.1",
            "resolved": "https://registry.npmjs.org/events/-/events-1.1.1.tgz",
            "integrity": "sha512-kEcvvCBByWXGnZy6JUlgAp2gBIUjfCAV6P6TgT1/aaQKcmuAEC4OZTV1I4EWQLz2gxZw76atuVyvHhTxvi0Flw==",
            "license": "MIT",
            "engines": {
                "node": ">=0.4.x"
            }
        },
        "node_modules/gl-vec2": {
            "version": "1.3.0",
            "resolved": "https://registry.npmjs.org/gl-vec2/-/gl-vec2-1.3.0.tgz",
            "integrity": "sha512-YiqaAuNsheWmUV0Sa8k94kBB0D6RWjwZztyO+trEYS8KzJ6OQB/4686gdrf59wld4hHFIvaxynO3nRxpk1Ij/A==",
            "license": "zlib"
        },
        "node_modules/has-passive-events": {
            "version": "1.0.0",
            "resolved": "https://registry.npmjs.org/has-passive-events/-/has-passive-events-1.0.0.tgz",
            "integrity": "sha512-2vSj6IeIsgvsRMyeQ0JaCX5Q3lX4zMn5HpoVc7MEhQ6pv8Iq9rsXjsp+E5ZwaT7T0xhMT0KmU8gtt1EFVdbJiw==",
            "license": "MIT",
            "dependencies": {
                "is-browser": "^2.0.1"
            }
        },
        "node_modules/is-browser": {
            "version": "2.1.0",
            "resolved": "https://registry.npmjs.org/is-browser/-/is-browser-2.1.0.tgz",
            "integrity": "sha512-F5rTJxDQ2sW81fcfOR1GnCXT6sVJC104fCyfj+mjpwNEwaPYSn5fte5jiHmBg3DHsIoL/l8Kvw5VN5SsTRcRFQ==",
            "license": "MIT"
        },
        "node_modules/lodash.debounce": {
            "version": "4.0.8",
            "resolved": "https://registry.npmjs.org/lodash.debounce/-/lodash.debounce-4.0.8.tgz",
            "integrity": "sha512-FT1yDzDYEoYWhnSGnpE/4Kj1fLZkDFyqRb7fNt6FdYOSxlUWAtp42Eh6Wb0rGIv/m9Bgo7x4GhQbm5Ys4SG5ow==",
            "license": "MIT"
        },
        "node_modules/magic-string": {
            "version": "0.30.21",
            "resolved": "https://registry.npmjs.org/magic-string/-/magic-string-0.30.21.tgz",
            "integrity": "sha512-vd2F4YUyEXKGcLHoq+TEyCjxueSeHnFxyyjNp80yg0XV4vUhnDer/lvvlqM/arB5bXQN5K2/3oinyCRyx8T2CQ==",
            "license": "MIT",
            "peer": true,
            "dependencies": {
                "@jridgewell/sourcemap-codec": "^1.5.5"
            }
        },
        "node_modules/mouse-event-offset": {
            "version": "3.0.2",
            "resolved": "https://registry.npmjs.org/mouse-event-offset/-/mouse-event-offset-3.0.2.tgz",
            "integrity": "sha512-s9sqOs5B1Ykox3Xo8b3Ss2IQju4UwlW6LSR+Q5FXWpprJ5fzMLefIIItr3PH8RwzfGy6gxs/4GAmiNuZScE25w==",
            "license": "MIT"
        },
        "node_modules/nanoid": {
            "version": "3.3.18",
            "resolved": "https://registry.npmjs.org/nanoid/-/nanoid-3.3.18.tgz",
            "integrity": "sha512-DTg4MJbGMWkfi6VZFdNt2/caMbQy4Ou+Op/hJQvGEWcnVfoA1QA+xzRKAzw9jD6+GVOOeYr/mIcuDSdug6F6+w==",
            "funding": [
                {
                    "type": "github",
                    "url": "https://github.com/sponsors/ai"
                }
            ],
            "license": "MIT",
            "peer": true,
            "bin": {
                "nanoid": "bin/nanoid.cjs"
            },
            "engines": {
                "node": "^10 || ^12 || ^13.7 || ^14 || >=15.0.1"
            }
        },
        "node_modules/object-fit-math": {
            "version": "1.0.0",
            "resolved": "https://registry.npmjs.org/object-fit-math/-/object-fit-math-1.0.0.tgz",
            "integrity": "sha512-SqsfEKO6OoHR1K3r5E7JpJoloN6Wd5zPZr0QAo0DAI/zjpadPNcajoUhNvrGUcDHDaF8LEQKCgiiz0+p7lVGeg==",
            "license": "MIT"
        },
        "node_modules/performance-now": {
            "version": "2.1.0",
            "resolved": "https://registry.npmjs.org/performance-now/-/performance-now-2.1.0.tgz",
            "integrity": "sha512-7EAHlyLHI56VEIdK57uwHdHKIaAGbnXPiw0yWbarQZOKaKpvUIgW0jWRVLiatnM+XXlSwsanIBH/hzGMJulMow==",
            "license": "MIT"
        },
        "node_modules/picocolors": {
            "version": "1.1.1",
            "resolved": "https://registry.npmjs.org/picocolors/-/picocolors-1.1.1.tgz",
            "integrity": "sha512-xceH2snhtb5M9liqDsmEw56le376mTZkEX/jEb/RxNFyegNul7eNslCXP9FDj/Lcu0X8KEyMceP2ntpaHrDEVA==",
            "license": "ISC",
            "peer": true
        },
        "node_modules/postcss": {
            "version": "8.5.26",
            "resolved": "https://registry.npmjs.org/postcss/-/postcss-8.5.26.tgz",
            "integrity": "sha512-u82N74LFzG8ca+dD8puPnplTXoGH4fTPpVGuIbt36G3qvNlkvfD0lEAZSxaly3KX8TS/L1A1gsCEmvKmBcVbkQ==",
            "funding": [
                {
                    "type": "opencollective",
                    "url": "https://opencollective.com/postcss/"
                },
                {
                    "type": "tidelift",
                    "url": "https://tidelift.com/funding/github/npm/postcss"
                },
                {
                    "type": "github",
                    "url": "https://github.com/sponsors/ai"
                }
            ],
            "license": "MIT",
            "peer": true,
            "dependencies": {
                "nanoid": "^3.3.17",
                "picocolors": "^1.1.1",
                "source-map-js": "^1.2.1"
            },
            "engines": {
                "node": "^10 || ^12 || >=14"
            }
        },
        "node_modules/raf": {
            "version": "3.4.1",
            "resolved": "https://registry.npmjs.org/raf/-/raf-3.4.1.tgz",
            "integrity": "sha512-Sq4CW4QhwOHE8ucn6J34MqtZCeWFP2aQSmrlroYgqAV1PjStIhJXxYuTgUIfkEk7zTLjmIjLmU5q+fbD1NnOJA==",
            "license": "MIT",
            "dependencies": {
                "performance-now": "^2.1.0"
            }
        },
        "node_modules/resize-observer-polyfill": {
            "version": "1.5.1",
            "resolved": "https://registry.npmjs.org/resize-observer-polyfill/-/resize-observer-polyfill-1.5.1.tgz",
            "integrity": "sha512-LwZrotdHOo12nQuZlHEmtuXdqGoOD0OhaxopaNFxWzInpEgaLWoVuAMbTzixuosCx2nEG58ngzW3vxdWoxIgdg==",
            "license": "MIT"
        },
        "node_modules/source-map-js": {
            "version": "1.2.1",
            "resolved": "https://registry.npmjs.org/source-map-js/-/source-map-js-1.2.1.tgz",
            "integrity": "sha512-UXWMKhLOwVKb728IUtQPXxfYU+usdybtUrK/8uGE8CQMvrhOpwvzDBwj0QhSL7MQc7vIsISBG8VQ8+IDQxpfQA==",
            "license": "BSD-3-Clause",
            "peer": true,
            "engines": {
                "node": ">=0.10.0"
            }
        },
        "node_modules/touch-position": {
            "version": "2.0.0",
            "resolved": "https://registry.npmjs.org/touch-position/-/touch-position-2.0.0.tgz",
            "integrity": "sha512-/lzepy++NyN/FcjWrYEWXrNqkontDGm6+5BzMdlFOQybTGyVq1JXm+sEzlsZjcPSThJozcs6Flp68n152tWb3w==",
            "license": "MIT",
            "dependencies": {
                "events": "^1.0.2",
                "mouse-event-offset": "^3.0.2"
            }
        },
        "node_modules/vue": {
            "version": "3.5.42",
            "resolved": "https://registry.npmjs.org/vue/-/vue-3.5.42.tgz",
            "integrity": "sha512-4RyHQTbQvOPs3MfvUO1Sg0YRrKNnA0mAVtvpd12Tg1fKDN7OHBUl1IqSn8zGJjK9nI3NkNp8cgTpVrSZC5TTcA==",
            "license": "MIT",
            "peer": true,
            "dependencies": {
                "@vue/compiler-dom": "3.5.42",
                "@vue/compiler-sfc": "3.5.42",
                "@vue/runtime-dom": "3.5.42",
                "@vue/server-renderer": "3.5.42",
                "@vue/shared": "3.5.42"
            },
            "peerDependencies": {
                "typescript": "*"
            },
            "peerDependenciesMeta": {
                "typescript": {
                    "optional": true
                }
            }
        }
    }
}
